
Microsoft Visual Studio Solution File, Format Version 12.00
# Visual Studio Version 16
VisualStudioVersion = 16.0.33027.164
MinimumVisualStudioVersion = 10.0.40219.1
Project("{FAE04EC0-301F-11D3-BF4B-00C04F79EFBC}") = "BlogWebsite", "BlogWebsite\BlogWebsite.csproj", "{A028EAD8-3730-4CCF-AA64-30A35E904549}"
EndProject
Global
	GlobalSection(SolutionConfigurationPlatforms) = preSolution
		Debug|Any CPU = Debug|Any CPU
		Release|Any CPU = Release|Any CPU
	EndGlobalSection
	GlobalSection(ProjectConfigurationPlatforms) = postSolution
		{A028EAD8-3730-4CCF-AA64-30A35E904549}.Debug|Any CPU.ActiveCfg = Debug|Any CPU
		{A028EAD8-3730-4CCF-AA64-30A35E904549}.Debug|Any CPU.Build.0 = Debug|Any CPU
		{A028EAD8-3730-4CCF-AA64-30A35E904549}.Release|Any CPU.ActiveCfg = Release|Any CPU
		{A028EAD8-3730-4CCF-AA64-30A35E904549}.Release|Any CPU.Build.0 = Release|Any CPU
	EndGlobalSection
	GlobalSection(SolutionProperties) = preSolution
		HideSolutionNode = FALSE
	EndGlobalSection
	GlobalSection(ExtensibilityGlobals) = postSolution
		SolutionGuid = {9A53EF0F-CADD-4148-8202-DC96577FFD67}
	EndGlobalSection
EndGlobal
